// !$*UTF8*$!
{
	archiveVersion = 1;
	classes = {
	};
	objectVersion = 46;
	objects = {

/* Begin PBXBuildFile section */
		5369C92A19CC05930026750D /* Foundation.framework in Frameworks */ = {isa = PBXBuildFile; fileRef = 5369C92919CC05930026750D /* Foundation.framework */; };
		5369C92C19CC05930026750D /* CoreGraphics.framework in Frameworks */ = {isa = PBXBuildFile; fileRef = 5369C92B19CC05930026750D /* CoreGraphics.framework */; };
		5369C92E19CC05930026750D /* UIKit.framework in Frameworks */ = {isa = PBXBuildFile; fileRef = 5369C92D19CC05930026750D /* UIKit.framework */; };
		5369C93419CC05930026750D /* InfoPlist.strings in Resources */ = {isa = PBXBuildFile; fileRef = 5369C93219CC05930026750D /* InfoPlist.strings */; };
		5369C93619CC05930026750D /* main.m in Sources */ = {isa = PBXBuildFile; fileRef = 5369C93519CC05930026750D /* main.m */; };
		5369C93A19CC05930026750D /* DDAppDelegate.m in Sources */ = {isa = PBXBuildFile; fileRef = 5369C93919CC05930026750D /* DDAppDelegate.m */; };
		5369C93C19CC05930026750D /* Images.xcassets in Resources */ = {isa = PBXBuildFile; fileRef = 5369C93B19CC05930026750D /* Images.xcassets */; };
		5369C94319CC05930026750D /* XCTest.framework in Frameworks */ = {isa = PBXBuildFile; fileRef = 5369C94219CC05930026750D /* XCTest.framework */; };
		5369C94419CC05930026750D /* Foundation.framework in Frameworks */ = {isa = PBXBuildFile; fileRef = 5369C92919CC05930026750D /* Foundation.framework */; };
		5369C94519CC05930026750D /* UIKit.framework in Frameworks */ = {isa = PBXBuildFile; fileRef = 5369C92D19CC05930026750D /* UIKit.framework */; };
		5369C94D19CC05930026750D /* InfoPlist.strings in Resources */ = {isa = PBXBuildFile; fileRef = 5369C94B19CC05930026750D /* InfoPlist.strings */; };
		5369C94F19CC05930026750D /* DDProgressTests.m in Sources */ = {isa = PBXBuildFile; fileRef = 5369C94E19CC05930026750D /* DDProgressTests.m */; };
		5369C95C19CC05A80026750D /* DDProgressView.m in Sources */ = {isa = PBXBuildFile; fileRef = 5369C95919CC05A80026750D /* DDProgressView.m */; };
		5369C95D19CC05A80026750D /* DDGrandientLayer_VC.m in Sources */ = {isa = PBXBuildFile; fileRef = 5369C95B19CC05A80026750D /* DDGrandientLayer_VC.m */; };
/* End PBXBuildFile section */

/* Begin PBXContainerItemProxy section */
		5369C94619CC05930026750D /* PBXContainerItemProxy */ = {
			isa = PBXContainerItemProxy;
			containerPortal = 5369C91E19CC05920026750D /* Project object */;
			proxyType = 1;
			remoteGlobalIDString = 5369C92519CC05930026750D;
			remoteInfo = DDProgress;
		};
/* End PBXContainerItemProxy section */

/* Begin PBXFileReference section */
		5369C92619CC05930026750D /* DDProgress.app */ = {isa = PBXFileReference; explicitFileType = wrapper.application; includeInIndex = 0; path = DDProgress.app; sourceTree = BUILT_PRODUCTS_DIR; };
		5369C92919CC05930026750D /* Foundation.framework */ = {isa = PBXFileReference; lastKnownFileType = wrapper.framework; name = Foundation.framework; path = System/Library/Frameworks/Foundation.framework; sourceTree = SDKROOT; };
		5369C92B19CC05930026750D /* CoreGraphics.framework */ = {isa = PBXFileReference; lastKnownFileType = wrapper.framework; name = CoreGraphics.framework; path = System/Library/Frameworks/CoreGraphics.framework; sourceTree = SDKROOT; };
		5369C92D19CC05930026750D /* UIKit.framework */ = {isa = PBXFileReference; lastKnownFileType = wrapper.framework; name = UIKit.framework; path = System/Library/Frameworks/UIKit.framework; sourceTree = SDKROOT; };
		5369C93119CC05930026750D /* DDProgress-Info.plist */ = {isa = PBXFileReference; lastKnownFileType = text.plist.xml; path = "DDProgress-Info.plist"; sourceTree = "<group>"; };
		5369C93319CC05930026750D /* en */ = {isa = PBXFileReference; lastKnownFileType = text.plist.strings; name = en; path = en.lproj/InfoPlist.strings; sourceTree = "<group>"; };
		5369C93519CC05930026750D /* main.m */ = {isa = PBXFileReference; lastKnownFileType = sourcecode.c.objc; path = main.m; sourceTree = "<group>"; };
		5369C93719CC05930026750D /* DDProgress-Prefix.pch */ = {isa = PBXFileReference; lastKnownFileType = sourcecode.c.h; path = "DDProgress-Prefix.pch"; sourceTree = "<group>"; };
		5369C93819CC05930026750D /* DDAppDelegate.h */ = {isa = PBXFileReference; lastKnownFileType = sourcecode.c.h; path = DDAppDelegate.h; sourceTree = "<group>"; };
		5369C93919CC05930026750D /* DDAppDelegate.m */ = {isa = PBXFileReference; lastKnownFileType = sourcecode.c.objc; path = DDAppDelegate.m; sourceTree = "<group>"; };
		5369C93B19CC05930026750D /* Images.xcassets */ = {isa = PBXFileReference; lastKnownFileType = folder.assetcatalog; path = Images.xcassets; sourceTree = "<group>"; };
		5369C94119CC05930026750D /* DDProgressTests.xctest */ = {isa = PBXFileReference; explicitFileType = wrapper.cfbundle; includeInIndex = 0; path = DDProgressTests.xctest; sourceTree = BUILT_PRODUCTS_DIR; };
		5369C94219CC05930026750D /* XCTest.framework */ = {isa = PBXFileReference; lastKnownFileType = wrapper.framework; name = XCTest.framework; path = Library/Frameworks/XCTest.framework; sourceTree = DEVELOPER_DIR; };
		5369C94A19CC05930026750D /* DDProgressTests-Info.plist */ = {isa = PBXFileReference; lastKnownFileType = text.plist.xml; path = "DDProgressTests-Info.plist"; sourceTree = "<group>"; };
		5369C94C19CC05930026750D /* en */ = {isa = PBXFileReference; lastKnownFileType = text.plist.strings; name = en; path = en.lproj/InfoPlist.strings; sourceTree = "<group>"; };
		5369C94E19CC05930026750D /* DDProgressTests.m */ = {isa = PBXFileReference; lastKnownFileType = sourcecode.c.objc; path = DDProgressTests.m; sourceTree = "<group>"; };
		5369C95819CC05A80026750D /* DDProgressView.h */ = {isa = PBXFileReference; fileEncoding = 4; lastKnownFileType = sourcecode.c.h; path = DDProgressView.h; sourceTree = "<group>"; };
		5369C95919CC05A80026750D /* DDProgressView.m */ = {isa = PBXFileReference; fileEncoding = 4; lastKnownFileType = sourcecode.c.objc; path = DDProgressView.m; sourceTree = "<group>"; };
		5369C95A19CC05A80026750D /* DDGrandientLayer_VC.h */ = {isa = PBXFileReference; fileEncoding = 4; lastKnownFileType = sourcecode.c.h; path = DDGrandientLayer_VC.h; sourceTree = "<group>"; };
		5369C95B19CC05A80026750D /* DDGrandientLayer_VC.m */ = {isa = PBXFileReference; fileEncoding = 4; lastKnownFileType = sourcecode.c.objc; path = DDGrandientLayer_VC.m; sourceTree = "<group>"; };
/* End PBXFileReference section */

/* Begin PBXFrameworksBuildPhase section */
		5369C92319CC05930026750D /* Frameworks */ = {
			isa = PBXFrameworksBuildPhase;
			buildActionMask = 2147483647;
			files = (
				5369C92C19CC05930026750D /* CoreGraphics.framework in Frameworks */,
				5369C92E19CC05930026750D /* UIKit.framework in Frameworks */,
				5369C92A19CC05930026750D /* Foundation.framework in Frameworks */,
			);
			runOnlyForDeploymentPostprocessing = 0;
		};
		5369C93E19CC05930026750D /* Frameworks */ = {
			isa = PBXFrameworksBuildPhase;
			buildActionMask = 2147483647;
			files = (
				5369C94319CC05930026750D /* XCTest.framework in Frameworks */,
				5369C94519CC05930026750D /* UIKit.framework in Frameworks */,
				5369C94419CC05930026750D /* Foundation.framework in Frameworks */,
			);
			runOnlyForDeploymentPostprocessing = 0;
		};
/* End PBXFrameworksBuildPhase section */

/* Begin PBXGroup section */
		5369C91D19CC05920026750D = {
			isa = PBXGroup;
			children = (
				5369C92F19CC05930026750D /* DDProgress */,
				5369C94819CC05930026750D /* DDProgressTests */,
				5369C92819CC05930026750D /* Frameworks */,
				5369C92719CC05930026750D /* Products */,
			);
			sourceTree = "<group>";
		};
		5369C92719CC05930026750D /* Products */ = {
			isa = PBXGroup;
			children = (
				5369C92619CC05930026750D /* DDProgress.app */,
				5369C94119CC05930026750D /* DDProgressTests.xctest */,
			);
			name = Products;
			sourceTree = "<group>";
		};
		5369C92819CC05930026750D /* Frameworks */ = {
			isa = PBXGroup;
			children = (
				5369C92919CC05930026750D /* Foundation.framework */,
				5369C92B19CC05930026750D /* CoreGraphics.framework */,
				5369C92D19CC05930026750D /* UIKit.framework */,
				5369C94219CC05930026750D /* XCTest.framework */,
			);
			name = Frameworks;
			sourceTree = "<group>";
		};
		5369C92F19CC05930026750D /* DDProgress */ = {
			isa = PBXGroup;
			children = (
				5369C93819CC05930026750D /* DDAppDelegate.h */,
				5369C93919CC05930026750D /* DDAppDelegate.m */,
				5369C95819CC05A80026750D /* DDProgressView.h */,
				5369C95919CC05A80026750D /* DDProgressView.m */,
				5369C95A19CC05A80026750D /* DDGrandientLayer_VC.h */,
				5369C95B19CC05A80026750D /* DDGrandientLayer_VC.m */,
				5369C93B19CC05930026750D /* Images.xcassets */,
				5369C93019CC05930026750D /* Supporting Files */,
			);
			path = DDProgress;
			sourceTree = "<group>";
		};
		5369C93019CC05930026750D /* Supporting Files */ = {
			isa = PBXGroup;
			children = (
				5369C93119CC05930026750D /* DDProgress-Info.plist */,
				5369C93219CC05930026750D /* InfoPlist.strings */,
				5369C93519CC05930026750D /* main.m */,
				5369C93719CC05930026750D /* DDProgress-Prefix.pch */,
			);
			name = "Supporting Files";
			sourceTree = "<group>";
		};
		5369C94819CC05930026750D /* DDProgressTests */ = {
			isa = PBXGroup;
			children = (
				5369C94E19CC05930026750D /* DDProgressTests.m */,
				5369C94919CC05930026750D /* Supporting Files */,
			);
			path = DDProgressTests;
			sourceTree = "<group>";
		};
		5369C94919CC05930026750D /* Supporting Files */ = {
			isa = PBXGroup;
			children = (
				5369C94A19CC05930026750D /* DDProgressTests-Info.plist */,
				5369C94B19CC05930026750D /* InfoPlist.strings */,
			);
			name = "Supporting Files";
			sourceTree = "<group>";
		};
/* End PBXGroup section */

/* Begin PBXNativeTarget section */
		5369C92519CC05930026750D /* DDProgress */ = {
			isa = PBXNativeTarget;
			buildConfigurationList = 5369C95219CC05930026750D /* Build configuration list for PBXNativeTarget "DDProgress" */;
			buildPhases = (
				5369C92219CC05930026750D /* Sources */,
				5369C92319CC05930026750D /* Frameworks */,
				5369C92419CC05930026750D /* Resources */,
			);
			buildRules = (
			);
			dependencies = (
			);
			name = DDProgress;
			productName = DDProgress;
			productReference = 5369C92619CC05930026750D /* DDProgress.app */;
			productType = "com.apple.product-type.application";
		};
		5369C94019CC05930026750D /* DDProgressTests */ = {
			isa = PBXNativeTarget;
			buildConfigurationList = 5369C95519CC05930026750D /* Build configuration list for PBXNativeTarget "DDProgressTests" */;
			buildPhases = (
				5369C93D19CC05930026750D /* Sources */,
				5369C93E19CC05930026750D /* Frameworks */,
				5369C93F19CC05930026750D /* Resources */,
			);
			buildRules = (
			);
			dependencies = (
				5369C94719CC05930026750D /* PBXTargetDependency */,
			);
			name = DDProgressTests;
			productName = DDProgressTests;
			productReference = 5369C94119CC05930026750D /* DDProgressTests.xctest */;
			productType = "com.apple.product-type.bundle.unit-test";
		};
/* End PBXNativeTarget section */

/* Begin PBXProject section */
		5369C91E19CC05920026750D /* Project object */ = {
			isa = PBXProject;
			attributes = {
				CLASSPREFIX = DD;
				LastUpgradeCheck = 0510;
				ORGANIZATIONNAME = DIDI;
				TargetAttributes = {
					5369C94019CC05930026750D = {
						TestTargetID = 5369C92519CC05930026750D;
					};
				};
			};
			buildConfigurationList = 5369C92119CC05920026750D /* Build configuration list for PBXProject "DDProgress" */;
			compatibilityVersion = "Xcode 3.2";
			developmentRegion = English;
			hasScannedForEncodings = 0;
			knownRegions = (
				en,
			);
			mainGroup = 5369C91D19CC05920026750D;
			productRefGroup = 5369C92719CC05930026750D /* Products */;
			projectDirPath = "";
			projectRoot = "";
			targets = (
				5369C92519CC05930026750D /* DDProgress */,
				5369C94019CC05930026750D /* DDProgressTests */,
			);
		};
/* End PBXProject section */

/* Begin PBXResourcesBuildPhase section */
		5369C92419CC05930026750D /* Resources */ = {
			isa = PBXResourcesBuildPhase;
			buildActionMask = 2147483647;
			files = (
				5369C93419CC05930026750D /* InfoPlist.strings in Resources */,
				5369C93C19CC05930026750D /* Images.xcassets in Resources */,
			);
			runOnlyForDeploymentPostprocessing = 0;
		};
		5369C93F19CC05930026750D /* Resources */ = {
			isa = PBXResourcesBuildPhase;
			buildActionMask = 2147483647;
			files = (
				5369C94D19CC05930026750D /* InfoPlist.strings in Resources */,
			);
			runOnlyForDeploymentPostprocessing = 0;
		};
/* End PBXResourcesBuildPhase section */

/* Begin PBXSourcesBuildPhase section */
		5369C92219CC05930026750D /* Sources */ = {
			isa = PBXSourcesBuildPhase;
			buildActionMask = 2147483647;
			files = (
				5369C95C19CC05A80026750D /* DDProgressView.m in Sources */,
				5369C93A19CC05930026750D /* DDAppDelegate.m in Sources */,
				5369C93619CC05930026750D /* main.m in Sources */,
				5369C95D19CC05A80026750D /* DDGrandientLayer_VC.m in Sources */,
			);
			runOnlyForDeploymentPostprocessing = 0;
		};
		5369C93D19CC05930026750D /* Sources */ = {
			isa = PBXSourcesBuildPhase;
			buildActionMask = 2147483647;
			files = (
				5369C94F19CC05930026750D /* DDProgressTests.m in Sources */,
			);
			runOnlyForDeploymentPostprocessing = 0;
		};
/* End PBXSourcesBuildPhase section */

/* Begin PBXTargetDependency section */
		5369C94719CC05930026750D /* PBXTargetDependency */ = {
			isa = PBXTargetDependency;
			target = 5369C92519CC05930026750D /* DDProgress */;
			targetProxy = 5369C94619CC05930026750D /* PBXContainerItemProxy */;
		};
/* End PBXTargetDependency section */

/* Begin PBXVariantGroup section */
		5369C93219CC05930026750D /* InfoPlist.strings */ = {
			isa = PBXVariantGroup;
			children = (
				5369C93319CC05930026750D /* en */,
			);
			name = InfoPlist.strings;
			sourceTree = "<group>";
		};
		5369C94B19CC05930026750D /* InfoPlist.strings */ = {
			isa = PBXVariantGroup;
			children = (
				5369C94C19CC05930026750D /* en */,
			);
			name = InfoPlist.strings;
			sourceTree = "<group>";
		};
/* End PBXVariantGroup section */

/* Begin XCBuildConfiguration section */
		5369C95019CC05930026750D /* Debug */ = {
			isa = XCBuildConfiguration;
			buildSettings = {
				ALWAYS_SEARCH_USER_PATHS = NO;
				CLANG_CXX_LANGUAGE_STANDARD = "gnu++0x";
				CLANG_CXX_LIBRARY = "libc++";
				CLANG_ENABLE_MODULES = YES;
				CLANG_ENABLE_OBJC_ARC = YES;
				CLANG_WARN_BOOL_CONVERSION = YES;
				CLANG_WARN_CONSTANT_CONVERSION = YES;
				CLANG_WARN_DIRECT_OBJC_ISA_USAGE = YES_ERROR;
				CLANG_WARN_EMPTY_BODY = YES;
				CLANG_WARN_ENUM_CONVERSION = YES;
				CLANG_WARN_INT_CONVERSION = YES;
				CLANG_WARN_OBJC_ROOT_CLASS = YES_ERROR;
				CLANG_WARN__DUPLICATE_METHOD_MATCH = YES;
				"CODE_SIGN_IDENTITY[sdk=iphoneos*]" = "iPhone Developer";
				COPY_PHASE_STRIP = NO;
				GCC_C_LANGUAGE_STANDARD = gnu99;
				GCC_DYNAMIC_NO_PIC = NO;
				GCC_OPTIMIZATION_LEVEL = 0;
				GCC_PREPROCESSOR_DEFINITIONS = (
					"DEBUG=1",
					"$(inherited)",
				);
				GCC_SYMBOLS_PRIVATE_EXTERN = NO;
				GCC_WARN_64_TO_32_BIT_CONVERSION = YES;
				GCC_WARN_ABOUT_RETURN_TYPE = YES_ERROR;
				GCC_WARN_UNDECLARED_SELECTOR = YES;
				GCC_WARN_UNINITIALIZED_AUTOS = YES_AGGRESSIVE;
				GCC_WARN_UNUSED_FUNCTION = YES;
				GCC_WARN_UNUSED_VARIABLE = YES;
				IPHONEOS_DEPLOYMENT_TARGET = 7.1;
				ONLY_ACTIVE_ARCH = YES;
				SDKROOT = iphoneos;
			};
			name = Debug;
		};
		5369C95119CC05930026750D /* Release */ = {
			isa = XCBuildConfiguration;
			buildSettings = {
				ALWAYS_SEARCH_USER_PATHS = NO;
				CLANG_CXX_LANGUAGE_STANDARD = "gnu++0x";
				CLANG_CXX_LIBRARY = "libc++";
				CLANG_ENABLE_MODULES = YES;
				CLANG_ENABLE_OBJC_ARC = YES;
				CLANG_WARN_BOOL_CONVERSION = YES;
				CLANG_WARN_CONSTANT_CONVERSION = YES;
				CLANG_WARN_DIRECT_OBJC_ISA_USAGE = YES_ERROR;
				CLANG_WARN_EMPTY_BODY = YES;
				CLANG_WARN_ENUM_CONVERSION = YES;
				CLANG_WARN_INT_CONVERSION = YES;
				CLANG_WARN_OBJC_ROOT_CLASS = YES_ERROR;
				CLANG_WARN__DUPLICATE_METHOD_MATCH = YES;
				"CODE_SIGN_IDENTITY[sdk=iphoneos*]" = "iPhone Developer";
				COPY_PHASE_STRIP = YES;
				ENABLE_NS_ASSERTIONS = NO;
				GCC_C_LANGUAGE_STANDARD = gnu99;
				GCC_WARN_64_TO_32_BIT_CONVERSION = YES;
				GCC_WARN_ABOUT_RETURN_TYPE = YES_ERROR;
				GCC_WARN_UNDECLARED_SELECTOR = YES;
				GCC_WARN_UNINITIALIZED_AUTOS = YES_AGGRESSIVE;
				GCC_WARN_UNUSED_FUNCTION = YES;
				GCC_WARN_UNUSED_VARIABLE = YES;
				IPHONEOS_DEPLOYMENT_TARGET = 7.1;
				SDKROOT = iphoneos;
				VALIDATE_PRODUCT = YES;
			};
			name = Release;
		};
		5369C95319CC05930026750D /* Debug */ = {
			isa = XCBuildConfiguration;
			buildSettings = {
				ASSETCATALOG_COMPILER_APPICON_NAME = AppIcon;
				ASSETCATALOG_COMPILER_LAUNCHIMAGE_NAME = LaunchImage;
				GCC_PRECOMPILE_PREFIX_HEADER = YES;
				GCC_PREFIX_HEADER = "DDProgress/DDProgress-Prefix.pch";
				INFOPLIST_FILE = "DDProgress/DDProgress-Info.plist";
				PRODUCT_NAME = "$(TARGET_NAME)";
				WRAPPER_EXTENSION = app;
			};
			name = Debug;
		};
		5369C95419CC05930026750D /* Release */ = {
			isa = XCBuildConfiguration;
			buildSettings = {
				ASSETCATALOG_COMPILER_APPICON_NAME = AppIcon;
				ASSETCATALOG_COMPILER_LAUNCHIMAGE_NAME = LaunchImage;
				GCC_PRECOMPILE_PREFIX_HEADER = YES;
				GCC_PREFIX_HEADER = "DDProgress/DDProgress-Prefix.pch";
				INFOPLIST_FILE = "DDProgress/DDProgress-Info.plist";
				PRODUCT_NAME = "$(TARGET_NAME)";
				WRAPPER_EXTENSION = app;
			};
			name = Release;
		};
		5369C95619CC05930026750D /* Debug */ = {
			isa = XCBuildConfiguration;
			buildSettings = {
				BUNDLE_LOADER = "$(BUILT_PRODUCTS_DIR)/DDProgress.app/DDProgress";
				FRAMEWORK_SEARCH_PATHS = (
					"$(SDKROOT)/Developer/Library/Frameworks",
					"$(inherited)",
					"$(DEVELOPER_FRAMEWORKS_DIR)",
				);
				GCC_PRECOMPILE_PREFIX_HEADER = YES;
				GCC_PREFIX_HEADER = "DDProgress/DDProgress-Prefix.pch";
				GCC_PREPROCESSOR_DEFINITIONS = (
					"DEBUG=1",
					"$(inherited)",
				);
				INFOPLIST_FILE = "DDProgressTests/DDProgressTests-Info.plist";
				PRODUCT_NAME = "$(TARGET_NAME)";
				TEST_HOST = "$(BUNDLE_LOADER)";
				WRAPPER_EXTENSION = xctest;
			};
			name = Debug;
		};
		5369C95719CC05930026750D /* Release */ = {
			isa = XCBuildConfiguration;
			buildSettings = {
				BUNDLE_LOADER = "$(BUILT_PRODUCTS_DIR)/DDProgress.app/DDProgress";
				FRAMEWORK_SEARCH_PATHS = (
					"$(SDKROOT)/Developer/Library/Frameworks",
					"$(inherited)",
					"$(DEVELOPER_FRAMEWORKS_DIR)",
				);
				GCC_PRECOMPILE_PREFIX_HEADER = YES;
				GCC_PREFIX_HEADER = "DDProgress/DDProgress-Prefix.pch";
				INFOPLIST_FILE = "DDProgressTests/DDProgressTests-Info.plist";
				PRODUCT_NAME = "$(TARGET_NAME)";
				TEST_HOST = "$(BUNDLE_LOADER)";
				WRAPPER_EXTENSION = xctest;
			};
			name = Release;
		};
/* End XCBuildConfiguration section */

/* Begin XCConfigurationList section */
		5369C92119CC05920026750D /* Build configuration list for PBXProject "DDProgress" */ = {
			isa = XCConfigurationList;
			buildConfigurations = (
				5369C95019CC05930026750D /* Debug */,
				5369C95119CC05930026750D /* Release */,
			);
			defaultConfigurationIsVisible = 0;
			defaultConfigurationName = Release;
		};
		5369C95219CC05930026750D /* Build configuration list for PBXNativeTarget "DDProgress" */ = {
			isa = XCConfigurationList;
			buildConfigurations = (
				5369C95319CC05930026750D /* Debug */,
				5369C95419CC05930026750D /* Release */,
			);
			defaultConfigurationIsVisible = 0;
			defaultConfigurationName = Release;
		};
		5369C95519CC05930026750D /* Build configuration list for PBXNativeTarget "DDProgressTests" */ = {
			isa = XCConfigurationList;
			buildConfigurations = (
				5369C95619CC05930026750D /* Debug */,
				5369C95719CC05930026750D /* Release */,
			);
			defaultConfigurationIsVisible = 0;
			defaultConfigurationName = Release;
		};
/* End XCConfigurationList section */
	};
	rootObject = 5369C91E19CC05920026750D /* Project object */;
}
